PODS:
  - DJCustomUIKit (0.0.2):
    - DJCustomUIKit/DJImagePickerController (= 0.0.2)
    - DJCustomUIKit/DJMarqueeView (= 0.0.2)
    - Masonry
  - DJCustomUIKit/DJImagePickerController (0.0.2):
    - Masonry
  - DJCustomUIKit/DJMarqueeView (0.0.2):
    - Masonry
  - Masonry (1.1.0)

DEPENDENCIES:
  - DJCustomUIKit (from `../`)

SPEC REPOS:
  trunk:
    - Masonry

EXTERNAL SOURCES:
  DJCustomUIKit:
    :path: "../"

SPEC CHECKSUMS:
  DJCustomUIKit: fb90fc847eba864dfb7558df477f6d50a2d2ef7d
  Masonry: 678fab65091a9290e40e2832a55e7ab731aad201

PODFILE CHECKSUM: cb0bbeb8e3508a09f61bee9c0c7571fa6de0f2d7

COCOAPODS: 1.9.1
